// !$*UTF8*$!
{
	archiveVersion = 1;
	classes = {
	};
	objectVersion = 55;
	objects = {

/* Begin PBXBuildFile section */
		59D4F96A275ADD070077ACE6 /* AppDelegate.swift in Sources */ = {isa = PBXBuildFile; fileRef = 59D4F969275ADD070077ACE6 /* AppDelegate.swift */; };
		59D4F96C275ADD070077ACE6 /* GameScene.sks in Resources */ = {isa = PBXBuildFile; fileRef = 59D4F96B275ADD070077ACE6 /* GameScene.sks */; };
		59D4F96E275ADD070077ACE6 /* Actions.sks in Resources */ = {isa = PBXBuildFile; fileRef = 59D4F96D275ADD070077ACE6 /* Actions.sks */; };
		59D4F970275ADD070077ACE6 /* GameScene.swift in Sources */ = {isa = PBXBuildFile; fileRef = 59D4F96F275ADD070077ACE6 /* GameScene.swift */; };
		59D4F972275ADD070077ACE6 /* GameViewController.swift in Sources */ = {isa = PBXBuildFile; fileRef = 59D4F971275ADD070077ACE6 /* GameViewController.swift */; };
		59D4F975275ADD070077ACE6 /* Main.storyboard in Resources */ = {isa = PBXBuildFile; fileRef = 59D4F973275ADD070077ACE6 /* Main.storyboard */; };
		59D4F977275ADD090077ACE6 /* Assets.xcassets in Resources */ = {isa = PBXBuildFile; fileRef = 59D4F976275ADD090077ACE6 /* Assets.xcassets */; };
		59D4F97A275ADD090077ACE6 /* LaunchScreen.storyboard in Resources */ = {isa = PBXBuildFile; fileRef = 59D4F978275ADD090077ACE6 /* LaunchScreen.storyboard */; };
		59D4F984275ADD090077ACE6 /* FinalProjectTests.swift in Sources */ = {isa = PBXBuildFile; fileRef = 59D4F983275ADD090077ACE6 /* FinalProjectTests.swift */; };
		59D4F98E275ADD090077ACE6 /* FinalProjectUITests.swift in Sources */ = {isa = PBXBuildFile; fileRef = 59D4F98D275ADD090077ACE6 /* FinalProjectUITests.swift */; };
		59D4F990275ADD090077ACE6 /* FinalProjectUITestsLaunchTests.swift in Sources */ = {isa = PBXBuildFile; fileRef = 59D4F98F275ADD090077ACE6 /* FinalProjectUITestsLaunchTests.swift */; };
		59D4F99F275B15D40077ACE6 /* ShortBaby.ttf in Resources */ = {isa = PBXBuildFile; fileRef = 59D4F99E275B15D40077ACE6 /* ShortBaby.ttf */; };
		59D4F9A2275B2FDE0077ACE6 /* gameOverScene.swift in Sources */ = {isa = PBXBuildFile; fileRef = 59D4F9A1275B2FDE0077ACE6 /* gameOverScene.swift */; };
/* End PBXBuildFile section */

/* Begin PBXContainerItemProxy section */
		59D4F980275ADD090077ACE6 /* PBXContainerItemProxy */ = {
			isa = PBXContainerItemProxy;
			containerPortal = 59D4F95E275ADD070077ACE6 /* Project object */;
			proxyType = 1;
			remoteGlobalIDString = 59D4F965275ADD070077ACE6;
			remoteInfo = FinalProject;
		};
		59D4F98A275ADD090077ACE6 /* PBXContainerItemProxy */ = {
			isa = PBXContainerItemProxy;
			containerPortal = 59D4F95E275ADD070077ACE6 /* Project object */;
			proxyType = 1;
			remoteGlobalIDString = 59D4F965275ADD070077ACE6;
			remoteInfo = FinalProject;
		};
/* End PBXContainerItemProxy section */

/* Begin PBXFileReference section */
		59D4F966275ADD070077ACE6 /* FinalProject.app */ = {isa = PBXFileReference; explicitFileType = wrapper.application; includeInIndex = 0; path = FinalProject.app; sourceTree = BUILT_PRODUCTS_DIR; };
		59D4F969275ADD070077ACE6 /* AppDelegate.swift */ = {isa = PBXFileReference; lastKnownFileType = sourcecode.swift; path = AppDelegate.swift; sourceTree = "<group>"; };
		59D4F96B275ADD070077ACE6 /* GameScene.sks */ = {isa = PBXFileReference; lastKnownFileType = file.sks; path = GameScene.sks; sourceTree = "<group>"; };
		59D4F96D275ADD070077ACE6 /* Actions.sks */ = {isa = PBXFileReference; lastKnownFileType = file.sks; path = Actions.sks; sourceTree = "<group>"; };
		59D4F96F275ADD070077ACE6 /* GameScene.swift */ = {isa = PBXFileReference; lastKnownFileType = sourcecode.swift; path = GameScene.swift; sourceTree = "<group>"; };
		59D4F971275ADD070077ACE6 /* GameViewController.swift */ = {isa = PBXFileReference; lastKnownFileType = sourcecode.swift; path = GameViewController.swift; sourceTree = "<group>"; };
		59D4F974275ADD070077ACE6 /* Base */ = {isa = PBXFileReference; lastKnownFileType = file.storyboard; name = Base; path = Base.lproj/Main.storyboard; sourceTree = "<group>"; };
		59D4F976275ADD090077ACE6 /* Assets.xcassets */ = {isa = PBXFileReference; lastKnownFileType = folder.assetcatalog; path = Assets.xcassets; sourceTree = "<group>"; };
		59D4F979275ADD090077ACE6 /* Base */ = {isa = PBXFileReference; lastKnownFileType = file.storyboard; name = Base; path = Base.lproj/LaunchScreen.storyboard; sourceTree = "<group>"; };
		59D4F97F275ADD090077ACE6 /* FinalProjectTests.xctest */ = {isa = PBXFileReference; explicitFileType = wrapper.cfbundle; includeInIndex = 0; path = FinalProjectTests.xctest; sourceTree = BUILT_PRODUCTS_DIR; };
		59D4F983275ADD090077ACE6 /* FinalProjectTests.swift */ = {isa = PBXFileReference; lastKnownFileType = sourcecode.swift; path = FinalProjectTests.swift; sourceTree = "<group>"; };
		59D4F989275ADD090077ACE6 /* FinalProjectUITests.xctest */ = {isa = PBXFileReference; explicitFileType = wrapper.cfbundle; includeInIndex = 0; path = FinalProjectUITests.xctest; sourceTree = BUILT_PRODUCTS_DIR; };
		59D4F98D275ADD090077ACE6 /* FinalProjectUITests.swift */ = {isa = PBXFileReference; lastKnownFileType = sourcecode.swift; path = FinalProjectUITests.swift; sourceTree = "<group>"; };
		59D4F98F275ADD090077ACE6 /* FinalProjectUITestsLaunchTests.swift */ = {isa = PBXFileReference; lastKnownFileType = sourcecode.swift; path = FinalProjectUITestsLaunchTests.swift; sourceTree = "<group>"; };
		59D4F99E275B15D40077ACE6 /* ShortBaby.ttf */ = {isa = PBXFileReference; lastKnownFileType = file; path = ShortBaby.ttf; sourceTree = "<group>"; };
		59D4F9A0275B16D20077ACE6 /* Info.plist */ = {isa = PBXFileReference; lastKnownFileType = text.plist; path = Info.plist; sourceTree = "<group>"; };
		59D4F9A1275B2FDE0077ACE6 /* gameOverScene.swift */ = {isa = PBXFileReference; lastKnownFileType = sourcecode.swift; path = gameOverScene.swift; sourceTree = "<group>"; };
/* End PBXFileReference section */

/* Begin PBXFrameworksBuildPhase section */
		59D4F963275ADD070077ACE6 /* Frameworks */ = {
			isa = PBXFrameworksBuildPhase;
			buildActionMask = 2147483647;
			files = (
			);
			runOnlyForDeploymentPostprocessing = 0;
		};
		59D4F97C275ADD090077ACE6 /* Frameworks */ = {
			isa = PBXFrameworksBuildPhase;
			buildActionMask = 2147483647;
			files = (
			);
			runOnlyForDeploymentPostprocessing = 0;
		};
		59D4F986275ADD090077ACE6 /* Frameworks */ = {
			isa = PBXFrameworksBuildPhase;
			buildActionMask = 2147483647;
			files = (
			);
			runOnlyForDeploymentPostprocessing = 0;
		};
/* End PBXFrameworksBuildPhase section */

/* Begin PBXGroup section */
		59D4F95D275ADD070077ACE6 = {
			isa = PBXGroup;
			children = (
				59D4F968275ADD070077ACE6 /* FinalProject */,
				59D4F982275ADD090077ACE6 /* FinalProjectTests */,
				59D4F98C275ADD090077ACE6 /* FinalProjectUITests */,
				59D4F967275ADD070077ACE6 /* Products */,
			);
			sourceTree = "<group>";
		};
		59D4F967275ADD070077ACE6 /* Products */ = {
			isa = PBXGroup;
			children = (
				59D4F966275ADD070077ACE6 /* FinalProject.app */,
				59D4F97F275ADD090077ACE6 /* FinalProjectTests.xctest */,
				59D4F989275ADD090077ACE6 /* FinalProjectUITests.xctest */,
			);
			name = Products;
			sourceTree = "<group>";
		};
		59D4F968275ADD070077ACE6 /* FinalProject */ = {
			isa = PBXGroup;
			children = (
				59D4F9A1275B2FDE0077ACE6 /* gameOverScene.swift */,
				59D4F9A0275B16D20077ACE6 /* Info.plist */,
				59D4F969275ADD070077ACE6 /* AppDelegate.swift */,
				59D4F96B275ADD070077ACE6 /* GameScene.sks */,
				59D4F96D275ADD070077ACE6 /* Actions.sks */,
				59D4F96F275ADD070077ACE6 /* GameScene.swift */,
				59D4F971275ADD070077ACE6 /* GameViewController.swift */,
				59D4F99E275B15D40077ACE6 /* ShortBaby.ttf */,
				59D4F973275ADD070077ACE6 /* Main.storyboard */,
				59D4F976275ADD090077ACE6 /* Assets.xcassets */,
				59D4F978275ADD090077ACE6 /* LaunchScreen.storyboard */,
			);
			path = FinalProject;
			sourceTree = "<group>";
		};
		59D4F982275ADD090077ACE6 /* FinalProjectTests */ = {
			isa = PBXGroup;
			children = (
				59D4F983275ADD090077ACE6 /* FinalProjectTests.swift */,
			);
			path = FinalProjectTests;
			sourceTree = "<group>";
		};
		59D4F98C275ADD090077ACE6 /* FinalProjectUITests */ = {
			isa = PBXGroup;
			children = (
				59D4F98D275ADD090077ACE6 /* FinalProjectUITests.swift */,
				59D4F98F275ADD090077ACE6 /* FinalProjectUITestsLaunchTests.swift */,
			);
			path = FinalProjectUITests;
			sourceTree = "<group>";
		};
/* End PBXGroup section */

/* Begin PBXNativeTarget section */
		59D4F965275ADD070077ACE6 /* FinalProject */ = {
			isa = PBXNativeTarget;
			buildConfigurationList = 59D4F993275ADD090077ACE6 /* Build configuration list for PBXNativeTarget "FinalProject" */;
			buildPhases = (
				59D4F962275ADD070077ACE6 /* Sources */,
				59D4F963275ADD070077ACE6 /* Frameworks */,
				59D4F964275ADD070077ACE6 /* Resources */,
			);
			buildRules = (
			);
			dependencies = (
			);
			name = FinalProject;
			productName = FinalProject;
			productReference = 59D4F966275ADD070077ACE6 /* FinalProject.app */;
			productType = "com.apple.product-type.application";
		};
		59D4F97E275ADD090077ACE6 /* FinalProjectTests */ = {
			isa = PBXNativeTarget;
			buildConfigurationList = 59D4F996275ADD090077ACE6 /* Build configuration list for PBXNativeTarget "FinalProjectTests" */;
			buildPhases = (
				59D4F97B275ADD090077ACE6 /* Sources */,
				59D4F97C275ADD090077ACE6 /* Frameworks */,
				59D4F97D275ADD090077ACE6 /* Resources */,
			);
			buildRules = (
			);
			dependencies = (
				59D4F981275ADD090077ACE6 /* PBXTargetDependency */,
			);
			name = FinalProjectTests;
			productName = FinalProjectTests;
			productReference = 59D4F97F275ADD090077ACE6 /* FinalProjectTests.xctest */;
			productType = "com.apple.product-type.bundle.unit-test";
		};
		59D4F988275ADD090077ACE6 /* FinalProjectUITests */ = {
			isa = PBXNativeTarget;
			buildConfigurationList = 59D4F999275ADD090077ACE6 /* Build configuration list for PBXNativeTarget "FinalProjectUITests" */;
			buildPhases = (
				59D4F985275ADD090077ACE6 /* Sources */,
				59D4F986275ADD090077ACE6 /* Frameworks */,
				59D4F987275ADD090077ACE6 /* Resources */,
			);
			buildRules = (
			);
			dependencies = (
				59D4F98B275ADD090077ACE6 /* PBXTargetDependency */,
			);
			name = FinalProjectUITests;
			productName = FinalProjectUITests;
			productReference = 59D4F989275ADD090077ACE6 /* FinalProjectUITests.xctest */;
			productType = "com.apple.product-type.bundle.ui-testing";
		};
/* End PBXNativeTarget section */

/* Begin PBXProject section */
		59D4F95E275ADD070077ACE6 /* Project object */ = {
			isa = PBXProject;
			attributes = {
				BuildIndependentTargetsInParallel = 1;
				LastSwiftUpdateCheck = 1310;
				LastUpgradeCheck = 1310;
				TargetAttributes = {
					59D4F965275ADD070077ACE6 = {
						CreatedOnToolsVersion = 13.1;
					};
					59D4F97E275ADD090077ACE6 = {
						CreatedOnToolsVersion = 13.1;
						TestTargetID = 59D4F965275ADD070077ACE6;
					};
					59D4F988275ADD090077ACE6 = {
						CreatedOnToolsVersion = 13.1;
						TestTargetID = 59D4F965275ADD070077ACE6;
					};
				};
			};
			buildConfigurationList = 59D4F961275ADD070077ACE6 /* Build configuration list for PBXProject "FinalProject" */;
			compatibilityVersion = "Xcode 13.0";
			developmentRegion = en;
			hasScannedForEncodings = 0;
			knownRegions = (
				en,
				Base,
			);
			mainGroup = 59D4F95D275ADD070077ACE6;
			productRefGroup = 59D4F967275ADD070077ACE6 /* Products */;
			projectDirPath = "";
			projectRoot = "";
			targets = (
				59D4F965275ADD070077ACE6 /* FinalProject */,
				59D4F97E275ADD090077ACE6 /* FinalProjectTests */,
				59D4F988275ADD090077ACE6 /* FinalProjectUITests */,
			);
		};
/* End PBXProject section */

/* Begin PBXResourcesBuildPhase section */
		59D4F964275ADD070077ACE6 /* Resources */ = {
			isa = PBXResourcesBuildPhase;
			buildActionMask = 2147483647;
			files = (
				59D4F975275ADD070077ACE6 /* Main.storyboard in Resources */,
				59D4F99F275B15D40077ACE6 /* ShortBaby.ttf in Resources */,
				59D4F96C275ADD070077ACE6 /* GameScene.sks in Resources */,
				59D4F977275ADD090077ACE6 /* Assets.xcassets in Resources */,
				59D4F97A275ADD090077ACE6 /* LaunchScreen.storyboard in Resources */,
				59D4F96E275ADD070077ACE6 /* Actions.sks in Resources */,
			);
			runOnlyForDeploymentPostprocessing = 0;
		};
		59D4F97D275ADD090077ACE6 /* Resources */ = {
			isa = PBXResourcesBuildPhase;
			buildActionMask = 2147483647;
			files = (
			);
			runOnlyForDeploymentPostprocessing = 0;
		};
		59D4F987275ADD090077ACE6 /* Resources */ = {
			isa = PBXResourcesBuildPhase;
			buildActionMask = 2147483647;
			files = (
			);
			runOnlyForDeploymentPostprocessing = 0;
		};
/* End PBXResourcesBuildPhase section */

/* Begin PBXSourcesBuildPhase section */
		59D4F962275ADD070077ACE6 /* Sources */ = {
			isa = PBXSourcesBuildPhase;
			buildActionMask = 2147483647;
			files = (
				59D4F970275ADD070077ACE6 /* GameScene.swift in Sources */,
				59D4F972275ADD070077ACE6 /* GameViewController.swift in Sources */,
				59D4F9A2275B2FDE0077ACE6 /* gameOverScene.swift in Sources */,
				59D4F96A275ADD070077ACE6 /* AppDelegate.swift in Sources */,
			);
			runOnlyForDeploymentPostprocessing = 0;
		};
		59D4F97B275ADD090077ACE6 /* Sources */ = {
			isa = PBXSourcesBuildPhase;
			buildActionMask = 2147483647;
			files = (
				59D4F984275ADD090077ACE6 /* FinalProjectTests.swift in Sources */,
			);
			runOnlyForDeploymentPostprocessing = 0;
		};
		59D4F985275ADD090077ACE6 /* Sources */ = {
			isa = PBXSourcesBuildPhase;
			buildActionMask = 2147483647;
			files = (
				59D4F98E275ADD090077ACE6 /* FinalProjectUITests.swift in Sources */,
				59D4F990275ADD090077ACE6 /* FinalProjectUITestsLaunchTests.swift in Sources */,
			);
			runOnlyForDeploymentPostprocessing = 0;
		};
/* End PBXSourcesBuildPhase section */

/* Begin PBXTargetDependency section */
		59D4F981275ADD090077ACE6 /* PBXTargetDependency */ = {
			isa = PBXTargetDependency;
			target = 59D4F965275ADD070077ACE6 /* FinalProject */;
			targetProxy = 59D4F980275ADD090077ACE6 /* PBXContainerItemProxy */;
		};
		59D4F98B275ADD090077ACE6 /* PBXTargetDependency */ = {
			isa = PBXTargetDependency;
			target = 59D4F965275ADD070077ACE6 /* FinalProject */;
			targetProxy = 59D4F98A275ADD090077ACE6 /* PBXContainerItemProxy */;
		};
/* End PBXTargetDependency section */

/* Begin PBXVariantGroup section */
		59D4F973275ADD070077ACE6 /* Main.storyboard */ = {
			isa = PBXVariantGroup;
			children = (
				59D4F974275ADD070077ACE6 /* Base */,
			);
			name = Main.storyboard;
			sourceTree = "<group>";
		};
		59D4F978275ADD090077ACE6 /* LaunchScreen.storyboard */ = {
			isa = PBXVariantGroup;
			children = (
				59D4F979275ADD090077ACE6 /* Base */,
			);
			name = LaunchScreen.storyboard;
			sourceTree = "<group>";
		};
/* End PBXVariantGroup section */

/* Begin XCBuildConfiguration section */
		59D4F991275ADD090077ACE6 /* Debug */ = {
			isa = XCBuildConfiguration;
			buildSettings = {
				ALWAYS_SEARCH_USER_PATHS = NO;
				CLANG_ANALYZER_NONNULL = YES;
				CLANG_ANALYZER_NUMBER_OBJECT_CONVERSION = YES_AGGRESSIVE;
				CLANG_CXX_LANGUAGE_STANDARD = "gnu++17";
				CLANG_CXX_LIBRARY = "libc++";
				CLANG_ENABLE_MODULES = YES;
				CLANG_ENABLE_OBJC_ARC = YES;
				CLANG_ENABLE_OBJC_WEAK = YES;
				CLANG_WARN_BLOCK_CAPTURE_AUTORELEASING = YES;
				CLANG_WARN_BOOL_CONVERSION = YES;
				CLANG_WARN_COMMA = YES;
				CLANG_WARN_CONSTANT_CONVERSION = YES;
				CLANG_WARN_DEPRECATED_OBJC_IMPLEMENTATIONS = YES;
				CLANG_WARN_DIRECT_OBJC_ISA_USAGE = YES_ERROR;
				CLANG_WARN_DOCUMENTATION_COMMENTS = YES;
				CLANG_WARN_EMPTY_BODY = YES;
				CLANG_WARN_ENUM_CONVERSION = YES;
				CLANG_WARN_INFINITE_RECURSION = YES;
				CLANG_WARN_INT_CONVERSION = YES;
				CLANG_WARN_NON_LITERAL_NULL_CONVERSION = YES;
				CLANG_WARN_OBJC_IMPLICIT_RETAIN_SELF = YES;
				CLANG_WARN_OBJC_LITERAL_CONVERSION = YES;
				CLANG_WARN_OBJC_ROOT_CLASS = YES_ERROR;
				CLANG_WARN_QUOTED_INCLUDE_IN_FRAMEWORK_HEADER = YES;
				CLANG_WARN_RANGE_LOOP_ANALYSIS = YES;
				CLANG_WARN_STRICT_PROTOTYPES = YES;
				CLANG_WARN_SUSPICIOUS_MOVE = YES;
				CLANG_WARN_UNGUARDED_AVAILABILITY = YES_AGGRESSIVE;
				CLANG_WARN_UNREACHABLE_CODE = YES;
				CLANG_WARN__DUPLICATE_METHOD_MATCH = YES;
				COPY_PHASE_STRIP = NO;
				DEBUG_INFORMATION_FORMAT = dwarf;
				ENABLE_STRICT_OBJC_MSGSEND = YES;
				ENABLE_TESTABILITY = YES;
				GCC_C_LANGUAGE_STANDARD = gnu11;
				GCC_DYNAMIC_NO_PIC = NO;
				GCC_NO_COMMON_BLOCKS = YES;
				GCC_OPTIMIZATION_LEVEL = 0;
				GCC_PREPROCESSOR_DEFINITIONS = (
					"DEBUG=1",
					"$(inherited)",
				);
				GCC_WARN_64_TO_32_BIT_CONVERSION = YES;
				GCC_WARN_ABOUT_RETURN_TYPE = YES_ERROR;
				GCC_WARN_UNDECLARED_SELECTOR = YES;
				GCC_WARN_UNINITIALIZED_AUTOS = YES_AGGRESSIVE;
				GCC_WARN_UNUSED_FUNCTION = YES;
				GCC_WARN_UNUSED_VARIABLE = YES;
				IPHONEOS_DEPLOYMENT_TARGET = 15.0;
				MTL_ENABLE_DEBUG_INFO = INCLUDE_SOURCE;
				MTL_FAST_MATH = YES;
				ONLY_ACTIVE_ARCH = YES;
				SDKROOT = iphoneos;
				SWIFT_ACTIVE_COMPILATION_CONDITIONS = DEBUG;
				SWIFT_OPTIMIZATION_LEVEL = "-Onone";
			};
			name = Debug;
		};
		59D4F992275ADD090077ACE6 /* Release */ = {
			isa = XCBuildConfiguration;
			buildSettings = {
				ALWAYS_SEARCH_USER_PATHS = NO;
				CLANG_ANALYZER_NONNULL = YES;
				CLANG_ANALYZER_NUMBER_OBJECT_CONVERSION = YES_AGGRESSIVE;
				CLANG_CXX_LANGUAGE_STANDARD = "gnu++17";
				CLANG_CXX_LIBRARY = "libc++";
				CLANG_ENABLE_MODULES = YES;
				CLANG_ENABLE_OBJC_ARC = YES;
				CLANG_ENABLE_OBJC_WEAK = YES;
				CLANG_WARN_BLOCK_CAPTURE_AUTORELEASING = YES;
				CLANG_WARN_BOOL_CONVERSION = YES;
				CLANG_WARN_COMMA = YES;
				CLANG_WARN_CONSTANT_CONVERSION = YES;
				CLANG_WARN_DEPRECATED_OBJC_IMPLEMENTATIONS = YES;
				CLANG_WARN_DIRECT_OBJC_ISA_USAGE = YES_ERROR;
				CLANG_WARN_DOCUMENTATION_COMMENTS = YES;
				CLANG_WARN_EMPTY_BODY = YES;
				CLANG_WARN_ENUM_CONVERSION = YES;
				CLANG_WARN_INFINITE_RECURSION = YES;
				CLANG_WARN_INT_CONVERSION = YES;
				CLANG_WARN_NON_LITERAL_NULL_CONVERSION = YES;
				CLANG_WARN_OBJC_IMPLICIT_RETAIN_SELF = YES;
				CLANG_WARN_OBJC_LITERAL_CONVERSION = YES;
				CLANG_WARN_OBJC_ROOT_CLASS = YES_ERROR;
				CLANG_WARN_QUOTED_INCLUDE_IN_FRAMEWORK_HEADER = YES;
				CLANG_WARN_RANGE_LOOP_ANALYSIS = YES;
				CLANG_WARN_STRICT_PROTOTYPES = YES;
				CLANG_WARN_SUSPICIOUS_MOVE = YES;
				CLANG_WARN_UNGUARDED_AVAILABILITY = YES_AGGRESSIVE;
				CLANG_WARN_UNREACHABLE_CODE = YES;
				CLANG_WARN__DUPLICATE_METHOD_MATCH = YES;
				COPY_PHASE_STRIP = NO;
				DEBUG_INFORMATION_FORMAT = "dwarf-with-dsym";
				ENABLE_NS_ASSERTIONS = NO;
				ENABLE_STRICT_OBJC_MSGSEND = YES;
				GCC_C_LANGUAGE_STANDARD = gnu11;
				GCC_NO_COMMON_BLOCKS = YES;
				GCC_WARN_64_TO_32_BIT_CONVERSION = YES;
				GCC_WARN_ABOUT_RETURN_TYPE = YES_ERROR;
				GCC_WARN_UNDECLARED_SELECTOR = YES;
				GCC_WARN_UNINITIALIZED_AUTOS = YES_AGGRESSIVE;
				GCC_WARN_UNUSED_FUNCTION = YES;
				GCC_WARN_UNUSED_VARIABLE = YES;
				IPHONEOS_DEPLOYMENT_TARGET = 15.0;
				MTL_ENABLE_DEBUG_INFO = NO;
				MTL_FAST_MATH = YES;
				SDKROOT = iphoneos;
				SWIFT_COMPILATION_MODE = wholemodule;
				SWIFT_OPTIMIZATION_LEVEL = "-O";
				VALIDATE_PRODUCT = YES;
			};
			name = Release;
		};
		59D4F994275ADD090077ACE6 /* Debug */ = {
			isa = XCBuildConfiguration;
			buildSettings = {
				ASSETCATALOG_COMPILER_APPICON_NAME = AppIcon;
				ASSETCATALOG_COMPILER_GLOBAL_ACCENT_COLOR_NAME = AccentColor;
				CODE_SIGN_STYLE = Automatic;
				CURRENT_PROJECT_VERSION = 1;
				DEVELOPMENT_TEAM = R4UJD67WH2;
				GENERATE_INFOPLIST_FILE = YES;
				INFOPLIST_FILE = FinalProject/Info.plist;
				INFOPLIST_KEY_UIApplicationSupportsIndirectInputEvents = YES;
				INFOPLIST_KEY_UILaunchStoryboardName = LaunchScreen;
				INFOPLIST_KEY_UIMainStoryboardFile = Main;
				INFOPLIST_KEY_UIStatusBarHidden = YES;
				INFOPLIST_KEY_UISupportedInterfaceOrientations = "UIInterfaceOrientationPortrait UIInterfaceOrientationPortraitUpsideDown";
				INFOPLIST_KEY_UISupportedInterfaceOrientations_iPad = "UIInterfaceOrientationPortrait UIInterfaceOrientationPortraitUpsideDown UIInterfaceOrientationLandscapeLeft UIInterfaceOrientationLandscapeRight";
				INFOPLIST_KEY_UISupportedInterfaceOrientations_iPhone = "UIInterfaceOrientationPortrait UIInterfaceOrientationLandscapeLeft UIInterfaceOrientationLandscapeRight";
				LD_RUNPATH_SEARCH_PATHS = (
					"$(inherited)",
					"@executable_path/Frameworks",
				);
				MARKETING_VERSION = 1.0;
				PRODUCT_BUNDLE_IDENTIFIER = axl.FinalProject;
				PRODUCT_NAME = "$(TARGET_NAME)";
				SWIFT_EMIT_LOC_STRINGS = YES;
				SWIFT_VERSION = 5.0;
				TARGETED_DEVICE_FAMILY = 1;
			};
			name = Debug;
		};
		59D4F995275ADD090077ACE6 /* Release */ = {
			isa = XCBuildConfiguration;
			buildSettings = {
				ASSETCATALOG_COMPILER_APPICON_NAME = AppIcon;
				ASSETCATALOG_COMPILER_GLOBAL_ACCENT_COLOR_NAME = AccentColor;
				CODE_SIGN_STYLE = Automatic;
				CURRENT_PROJECT_VERSION = 1;
				DEVELOPMENT_TEAM = R4UJD67WH2;
				GENERATE_INFOPLIST_FILE = YES;
				INFOPLIST_FILE = FinalProject/Info.plist;
				INFOPLIST_KEY_UIApplicationSupportsIndirectInputEvents = YES;
				INFOPLIST_KEY_UILaunchStoryboardName = LaunchScreen;
				INFOPLIST_KEY_UIMainStoryboardFile = Main;
				INFOPLIST_KEY_UIStatusBarHidden = YES;
				INFOPLIST_KEY_UISupportedInterfaceOrientations = "UIInterfaceOrientationPortrait UIInterfaceOrientationPortraitUpsideDown";
				INFOPLIST_KEY_UISupportedInterfaceOrientations_iPad = "UIInterfaceOrientationPortrait UIInterfaceOrientationPortraitUpsideDown UIInterfaceOrientationLandscapeLeft UIInterfaceOrientationLandscapeRight";
				INFOPLIST_KEY_UISupportedInterfaceOrientations_iPhone = "UIInterfaceOrientationPortrait UIInterfaceOrientationLandscapeLeft UIInterfaceOrientationLandscapeRight";
				LD_RUNPATH_SEARCH_PATHS = (
					"$(inherited)",
					"@executable_path/Frameworks",
				);
				MARKETING_VERSION = 1.0;
				PRODUCT_BUNDLE_IDENTIFIER = axl.FinalProject;
				PRODUCT_NAME = "$(TARGET_NAME)";
				SWIFT_EMIT_LOC_STRINGS = YES;
				SWIFT_VERSION = 5.0;
				TARGETED_DEVICE_FAMILY = 1;
			};
			name = Release;
		};
		59D4F997275ADD090077ACE6 /* Debug */ = {
			isa = XCBuildConfiguration;
			buildSettings = {
				ALWAYS_EMBED_SWIFT_STANDARD_LIBRARIES = YES;
				BUNDLE_LOADER = "$(TEST_HOST)";
				CODE_SIGN_STYLE = Automatic;
				CURRENT_PROJECT_VERSION = 1;
				DEVELOPMENT_TEAM = R4UJD67WH2;
				GENERATE_INFOPLIST_FILE = YES;
				IPHONEOS_DEPLOYMENT_TARGET = 15.0;
				LD_RUNPATH_SEARCH_PATHS = (
					"$(inherited)",
					"@executable_path/Frameworks",
					"@loader_path/Frameworks",
				);
				MARKETING_VERSION = 1.0;
				PRODUCT_BUNDLE_IDENTIFIER = axl.FinalProjectTests;
				PRODUCT_NAME = "$(TARGET_NAME)";
				SWIFT_EMIT_LOC_STRINGS = NO;
				SWIFT_VERSION = 5.0;
				TARGETED_DEVICE_FAMILY = "1,2";
				TEST_HOST = "$(BUILT_PRODUCTS_DIR)/FinalProject.app/FinalProject";
			};
			name = Debug;
		};
		59D4F998275ADD090077ACE6 /* Release */ = {
			isa = XCBuildConfiguration;
			buildSettings = {
				ALWAYS_EMBED_SWIFT_STANDARD_LIBRARIES = YES;
				BUNDLE_LOADER = "$(TEST_HOST)";
				CODE_SIGN_STYLE = Automatic;
				CURRENT_PROJECT_VERSION = 1;
				DEVELOPMENT_TEAM = R4UJD67WH2;
				GENERATE_INFOPLIST_FILE = YES;
				IPHONEOS_DEPLOYMENT_TARGET = 15.0;
				LD_RUNPATH_SEARCH_PATHS = (
					"$(inherited)",
					"@executable_path/Frameworks",
					"@loader_path/Frameworks",
				);
				MARKETING_VERSION = 1.0;
				PRODUCT_BUNDLE_IDENTIFIER = axl.FinalProjectTests;
				PRODUCT_NAME = "$(TARGET_NAME)";
				SWIFT_EMIT_LOC_STRINGS = NO;
				SWIFT_VERSION = 5.0;
				TARGETED_DEVICE_FAMILY = "1,2";
				TEST_HOST = "$(BUILT_PRODUCTS_DIR)/FinalProject.app/FinalProject";
			};
			name = Release;
		};
		59D4F99A275ADD090077ACE6 /* Debug */ = {
			isa = XCBuildConfiguration;
			buildSettings = {
				ALWAYS_EMBED_SWIFT_STANDARD_LIBRARIES = YES;
				CODE_SIGN_STYLE = Automatic;
				CURRENT_PROJECT_VERSION = 1;
				DEVELOPMENT_TEAM = R4UJD67WH2;
				GENERATE_INFOPLIST_FILE = YES;
				LD_RUNPATH_SEARCH_PATHS = (
					"$(inherited)",
					"@executable_path/Frameworks",
					"@loader_path/Frameworks",
				);
				MARKETING_VERSION = 1.0;
				PRODUCT_BUNDLE_IDENTIFIER = axl.FinalProjectUITests;
				PRODUCT_NAME = "$(TARGET_NAME)";
				SWIFT_EMIT_LOC_STRINGS = NO;
				SWIFT_VERSION = 5.0;
				TARGETED_DEVICE_FAMILY = "1,2";
				TEST_TARGET_NAME = FinalProject;
			};
			name = Debug;
		};
		59D4F99B275ADD090077ACE6 /* Release */ = {
			isa = XCBuildConfiguration;
			buildSettings = {
				ALWAYS_EMBED_SWIFT_STANDARD_LIBRARIES = YES;
				CODE_SIGN_STYLE = Automatic;
				CURRENT_PROJECT_VERSION = 1;
				DEVELOPMENT_TEAM = R4UJD67WH2;
				GENERATE_INFOPLIST_FILE = YES;
				LD_RUNPATH_SEARCH_PATHS = (
					"$(inherited)",
					"@executable_path/Frameworks",
					"@loader_path/Frameworks",
				);
				MARKETING_VERSION = 1.0;
				PRODUCT_BUNDLE_IDENTIFIER = axl.FinalProjectUITests;
				PRODUCT_NAME = "$(TARGET_NAME)";
				SWIFT_EMIT_LOC_STRINGS = NO;
				SWIFT_VERSION = 5.0;
				TARGETED_DEVICE_FAMILY = "1,2";
				TEST_TARGET_NAME = FinalProject;
			};
			name = Release;
		};
/* End XCBuildConfiguration section */

/* Begin XCConfigurationList section */
		59D4F961275ADD070077ACE6 /* Build configuration list for PBXProject "FinalProject" */ = {
			isa = XCConfigurationList;
			buildConfigurations = (
				59D4F991275ADD090077ACE6 /* Debug */,
				59D4F992275ADD090077ACE6 /* Release */,
			);
			defaultConfigurationIsVisible = 0;
			defaultConfigurationName = Release;
		};
		59D4F993275ADD090077ACE6 /* Build configuration list for PBXNativeTarget "FinalProject" */ = {
			isa = XCConfigurationList;
			buildConfigurations = (
				59D4F994275ADD090077ACE6 /* Debug */,
				59D4F995275ADD090077ACE6 /* Release */,
			);
			defaultConfigurationIsVisible = 0;
			defaultConfigurationName = Release;
		};
		59D4F996275ADD090077ACE6 /* Build configuration list for PBXNativeTarget "FinalProjectTests" */ = {
			isa = XCConfigurationList;
			buildConfigurations = (
				59D4F997275ADD090077ACE6 /* Debug */,
				59D4F998275ADD090077ACE6 /* Release */,
			);
			defaultConfigurationIsVisible = 0;
			defaultConfigurationName = Release;
		};
		59D4F999275ADD090077ACE6 /* Build configuration list for PBXNativeTarget "FinalProjectUITests" */ = {
			isa = XCConfigurationList;
			buildConfigurations = (
				59D4F99A275ADD090077ACE6 /* Debug */,
				59D4F99B275ADD090077ACE6 /* Release */,
			);
			defaultConfigurationIsVisible = 0;
			defaultConfigurationName = Release;
		};
/* End XCConfigurationList section */
	};
	rootObject = 59D4F95E275ADD070077ACE6 /* Project object */;
}
